
Microsoft Visual Studio Solution File, Format Version 12.00
# Visual Studio 14
VisualStudioVersion = 14.0.25420.1
MinimumVisualStudioVersion = 10.0.40219.1
Project("{8BC9CEB8-8B4A-11D0-8D11-00A0C91BC942}") = "toHttps", "toHttps\toHttps.vcxproj", "{008BB876-3964-418E-B988-A00513136F9C}"
EndProject
Project("{8BC9CEB8-8B4A-11D0-8D11-00A0C91BC942}") = "toHttpsPS", "toHttps\toHttpsPS.vcxproj", "{6274EFB4-6C1A-493C-980A-E17FD22AE48B}"
	ProjectSection(ProjectDependencies) = postProject
		{008BB876-3964-418E-B988-A00513136F9C} = {008BB876-3964-418E-B988-A00513136F9C}
	EndProjectSection
EndProject
Global
	GlobalSection(SolutionConfigurationPlatforms) = preSolution
		Debug|x64 = Debug|x64
		Debug|x86 = Debug|x86
		Release|x64 = Release|x64
		Release|x86 = Release|x86
	EndGlobalSection
	GlobalSection(ProjectConfigurationPlatforms) = postSolution
		{008BB876-3964-418E-B988-A00513136F9C}.Debug|x64.ActiveCfg = Debug|x64
		{008BB876-3964-418E-B988-A00513136F9C}.Debug|x64.Build.0 = Debug|x64
		{008BB876-3964-418E-B988-A00513136F9C}.Debug|x86.ActiveCfg = Debug|Win32
		{008BB876-3964-418E-B988-A00513136F9C}.Debug|x86.Build.0 = Debug|Win32
		{008BB876-3964-418E-B988-A00513136F9C}.Release|x64.ActiveCfg = Release|x64
		{008BB876-3964-418E-B988-A00513136F9C}.Release|x64.Build.0 = Release|x64
		{008BB876-3964-418E-B988-A00513136F9C}.Release|x86.ActiveCfg = Release|Win32
		{008BB876-3964-418E-B988-A00513136F9C}.Release|x86.Build.0 = Release|Win32
		{6274EFB4-6C1A-493C-980A-E17FD22AE48B}.Debug|x64.ActiveCfg = Debug|x64
		{6274EFB4-6C1A-493C-980A-E17FD22AE48B}.Debug|x86.ActiveCfg = Debug|Win32
		{6274EFB4-6C1A-493C-980A-E17FD22AE48B}.Release|x64.ActiveCfg = Release|x64
		{6274EFB4-6C1A-493C-980A-E17FD22AE48B}.Release|x86.ActiveCfg = Release|Win32
	EndGlobalSection
	GlobalSection(SolutionProperties) = preSolution
		HideSolutionNode = FALSE
	EndGlobalSection
EndGlobal
